
Microsoft Visual Studio Solution File, Format Version 12.00
# Visual Studio 15
VisualStudioVersion = 15.0.27130.2036
MinimumVisualStudioVersion = 10.0.40219.1
Project("{9A19103F-16F7-4668-BE54-9A1E7A4F7556}") = "WetPicsTelegramBot", "WetPicsTelegramBot\WetPicsTelegramBot.csproj", "{A048476E-6CF1-45FC-85EB-50414C2D72CD}"
EndProject
Project("{E53339B2-1760-4266-BCC7-CA923CBCF16C}") = "docker-compose", "docker-compose.dcproj", "{B236C6EE-001A-486D-92F6-A983DCF5F487}"
EndProject
Project("{9A19103F-16F7-4668-BE54-9A1E7A4F7556}") = "PixivApi", "PixivApi\PixivApi.csproj", "{EBA8E801-F90F-4A78-A088-294743D1F113}"
EndProject
Project("{2150E333-8FDC-42A3-9474-1A3956D46DE8}") = "Solution Items", "Solution Items", "{3AF96765-90C5-464C-9367-AC72E10C4A1F}"
	ProjectSection(SolutionItems) = preProject
		Dockerfile-dev = Dockerfile-dev
	EndProjectSection
EndProject
Project("{9A19103F-16F7-4668-BE54-9A1E7A4F7556}") = "WetPicsTelegramBot.WebApp", "WetPicsTelegramBot.WebApp\WetPicsTelegramBot.WebApp.csproj", "{F1D044CA-A0D8-46D8-B0F4-0EE7DD4F5AB8}"
EndProject
Project("{9A19103F-16F7-4668-BE54-9A1E7A4F7556}") = "WetPicsTelegramBot.Data", "WetPicsTelegramBot.Data\WetPicsTelegramBot.Data.csproj", "{C3399F28-5D7A-4618-90F5-3690A263C21D}"
EndProject
Global
	GlobalSection(SolutionConfigurationPlatforms) = preSolution
		Debug|Any CPU = Debug|Any CPU
		Release|Any CPU = Release|Any CPU
	EndGlobalSection
	GlobalSection(ProjectConfigurationPlatforms) = postSolution
		{A048476E-6CF1-45FC-85EB-50414C2D72CD}.Debug|Any CPU.ActiveCfg = Debug|Any CPU
		{A048476E-6CF1-45FC-85EB-50414C2D72CD}.Debug|Any CPU.Build.0 = Debug|Any CPU
		{A048476E-6CF1-45FC-85EB-50414C2D72CD}.Release|Any CPU.ActiveCfg = Release|Any CPU
		{A048476E-6CF1-45FC-85EB-50414C2D72CD}.Release|Any CPU.Build.0 = Release|Any CPU
		{B236C6EE-001A-486D-92F6-A983DCF5F487}.Debug|Any CPU.ActiveCfg = Debug|Any CPU
		{B236C6EE-001A-486D-92F6-A983DCF5F487}.Debug|Any CPU.Build.0 = Debug|Any CPU
		{B236C6EE-001A-486D-92F6-A983DCF5F487}.Release|Any CPU.ActiveCfg = Release|Any CPU
		{B236C6EE-001A-486D-92F6-A983DCF5F487}.Release|Any CPU.Build.0 = Release|Any CPU
		{EBA8E801-F90F-4A78-A088-294743D1F113}.Debug|Any CPU.ActiveCfg = Debug|Any CPU
		{EBA8E801-F90F-4A78-A088-294743D1F113}.Debug|Any CPU.Build.0 = Debug|Any CPU
		{EBA8E801-F90F-4A78-A088-294743D1F113}.Release|Any CPU.ActiveCfg = Release|Any CPU
		{EBA8E801-F90F-4A78-A088-294743D1F113}.Release|Any CPU.Build.0 = Release|Any CPU
		{F1D044CA-A0D8-46D8-B0F4-0EE7DD4F5AB8}.Debug|Any CPU.ActiveCfg = Debug|Any CPU
		{F1D044CA-A0D8-46D8-B0F4-0EE7DD4F5AB8}.Debug|Any CPU.Build.0 = Debug|Any CPU
		{F1D044CA-A0D8-46D8-B0F4-0EE7DD4F5AB8}.Release|Any CPU.ActiveCfg = Release|Any CPU
		{F1D044CA-A0D8-46D8-B0F4-0EE7DD4F5AB8}.Release|Any CPU.Build.0 = Release|Any CPU
		{C3399F28-5D7A-4618-90F5-3690A263C21D}.Debug|Any CPU.ActiveCfg = Debug|Any CPU
		{C3399F28-5D7A-4618-90F5-3690A263C21D}.Debug|Any CPU.Build.0 = Debug|Any CPU
		{C3399F28-5D7A-4618-90F5-3690A263C21D}.Release|Any CPU.ActiveCfg = Release|Any CPU
		{C3399F28-5D7A-4618-90F5-3690A263C21D}.Release|Any CPU.Build.0 = Release|Any CPU
	EndGlobalSection
	GlobalSection(SolutionProperties) = preSolution
		HideSolutionNode = FALSE
	EndGlobalSection
	GlobalSection(ExtensibilityGlobals) = postSolution
		SolutionGuid = {60250117-72B1-4D50-BCE2-7EBBCEC05535}
	EndGlobalSection
EndGlobal
